
Microsoft Visual Studio Solution File, Format Version 12.00
# Visual Studio Version 17
VisualStudioVersion = 17.11.35222.181
MinimumVisualStudioVersion = 10.0.40219.1
Project("{2150E333-8FDC-42A3-9474-1A3956D46DE8}") = "Task0", "Task0", "{1FDECBDC-7E2E-418E-922E-E34FD2AE2D77}"
EndProject
Project("{9A19103F-16F7-4668-BE54-9A1E7A4F7556}") = "Tyuiu.KukarskiySA.Sprint2.Task0.V25", "Tyuiu.KukarskiySA.Sprint2.Task0.V25\Tyuiu.KukarskiySA.Sprint2.Task0.V25.csproj", "{E3698819-49D1-4A32-9B9C-2F65E7185F70}"
EndProject
Project("{9A19103F-16F7-4668-BE54-9A1E7A4F7556}") = "Tyuiu.KukarskiySA.Sprint2.Task0.V25.Lib", "Tyuiu.KukarskiySA.Sprint2.Task0.V25.Lib\Tyuiu.KukarskiySA.Sprint2.Task0.V25.Lib.csproj", "{7AE61E06-A389-4CEB-8D2A-12823A34FF8A}"
EndProject
Project("{9A19103F-16F7-4668-BE54-9A1E7A4F7556}") = "Tyuiu.KukarskiySA.Sprint2.Task0.V25.Test", "Tyuiu.KukarskiySA.Sprint2.Task0.V25.Test\Tyuiu.KukarskiySA.Sprint2.Task0.V25.Test.csproj", "{05A19037-4A7A-4001-9A97-9F5704AE2518}"
EndProject
Project("{2150E333-8FDC-42A3-9474-1A3956D46DE8}") = "Task1", "Task1", "{D9D9F34C-15A1-4DDE-BA81-44531A739974}"
EndProject
Project("{9A19103F-16F7-4668-BE54-9A1E7A4F7556}") = "Tyuiu.KukarskiySA.Sprint2.Task1.V16", "Tyuiu.KukarskiySA.Sprint2.Task1.V16\Tyuiu.KukarskiySA.Sprint2.Task1.V16.csproj", "{A3A35178-E3B0-423F-A6E5-D898505F32DF}"
EndProject
Project("{9A19103F-16F7-4668-BE54-9A1E7A4F7556}") = "Tyuiu.KukarskiySA.Sprint2.Task1.V16.Lib", "Tyuiu.KukarskiySA.Sprint2.Task1.V16.Lib\Tyuiu.KukarskiySA.Sprint2.Task1.V16.Lib.csproj", "{A6B56B0D-17FF-490D-A32F-8D02455FC4AA}"
EndProject
Project("{9A19103F-16F7-4668-BE54-9A1E7A4F7556}") = "Tyuiu.KukarskiySA.Sprint2.Task1.V16.Test", "Tyuiu.KukarskiySA.Sprint2.Task1.V16.Test\Tyuiu.KukarskiySA.Sprint2.Task1.V16.Test.csproj", "{99EDAB4C-1F6D-49F3-8480-4E6F9734B365}"
EndProject
Project("{2150E333-8FDC-42A3-9474-1A3956D46DE8}") = "Task2", "Task2", "{836CFDA6-A092-46ED-96D6-F149F371A577}"
EndProject
Project("{FAE04EC0-301F-11D3-BF4B-00C04F79EFBC}") = "Tyuiu.KukarskiySA.Sprint2.Task2.V10", "Tyuiu.KukarskiySA.Sprint2.Task2.V10\Tyuiu.KukarskiySA.Sprint2.Task2.V10.csproj", "{51B79C74-827A-457C-AC30-1C157ED274B3}"
EndProject
Project("{FAE04EC0-301F-11D3-BF4B-00C04F79EFBC}") = "Tyuiu.KukarskiySA.Sprint2.Task2.V10.Lib", "Tyuiu.KukarskiySA.Sprint2.Task2.V10.Lib\Tyuiu.KukarskiySA.Sprint2.Task2.V10.Lib.csproj", "{EB6126A6-2FE9-4351-B36C-51B663F04A89}"
EndProject
Project("{FAE04EC0-301F-11D3-BF4B-00C04F79EFBC}") = "Tyuiu.KukarskiySA.Sprint2.Task2.V10.Test", "Tyuiu.KukarskiySA.Sprint2.Task2.V10.Test\Tyuiu.KukarskiySA.Sprint2.Task2.V10.Test.csproj", "{6C781D46-BBDB-456C-80C7-3D7147654DA2}"
EndProject
Project("{2150E333-8FDC-42A3-9474-1A3956D46DE8}") = "Task3", "Task3", "{327CA60E-3121-4496-B2D5-27BC0449DF45}"
EndProject
Project("{FAE04EC0-301F-11D3-BF4B-00C04F79EFBC}") = "Tyuiu.KukarskiySA.Sprint2.Task3.V17", "Tyuiu.KukarskiySA.Sprint2.Task3.V17\Tyuiu.KukarskiySA.Sprint2.Task3.V17.csproj", "{C95D3FC8-DE59-428D-A071-F1AD454C5B78}"
EndProject
Project("{FAE04EC0-301F-11D3-BF4B-00C04F79EFBC}") = "Tyuiu.KukarskiySA.Sprint2.Task3.V17.Lib", "Tyuiu.KukarskiySA.Sprint2.Task3.V17.Lib\Tyuiu.KukarskiySA.Sprint2.Task3.V17.Lib.csproj", "{CEAF0815-65F6-4F1C-9FDF-74A7695D7E31}"
EndProject
Project("{FAE04EC0-301F-11D3-BF4B-00C04F79EFBC}") = "Tyuiu.KukarskiySA.Sprint2.Task3.V17.Test", "Tyuiu.KukarskiySA.Sprint2.Task3.V17.Test\Tyuiu.KukarskiySA.Sprint2.Task3.V17.Test.csproj", "{E557BD53-7A81-4207-AF34-D303E98A4EB8}"
EndProject
Project("{2150E333-8FDC-42A3-9474-1A3956D46DE8}") = "Task4", "Task4", "{370DB827-8FE2-4889-8E69-6208E2977701}"
EndProject
Project("{FAE04EC0-301F-11D3-BF4B-00C04F79EFBC}") = "Tyuiu.KukarskiySA.Sprint2.Task4.V6", "Tyuiu.KukarskiySA.Sprint2.Task4.V6\Tyuiu.KukarskiySA.Sprint2.Task4.V6.csproj", "{FD1DEDA7-17DF-4118-90A2-FE0C30FF7EEF}"
EndProject
Project("{FAE04EC0-301F-11D3-BF4B-00C04F79EFBC}") = "Tyuiu.KukarskiySA.Sprint2.Task4.V6.Lib", "Tyuiu.KukarskiySA.Sprint2.Task4.V6.Lib\Tyuiu.KukarskiySA.Sprint2.Task4.V6.Lib.csproj", "{695CB74B-0611-44D0-ACCF-ED722041DEDA}"
EndProject
Project("{FAE04EC0-301F-11D3-BF4B-00C04F79EFBC}") = "Tyuiu.KukarskiySA.Sprint2.Task4.V6.Test", "Tyuiu.KukarskiySA.Sprint2.Task4.V6.Test\Tyuiu.KukarskiySA.Sprint2.Task4.V6.Test.csproj", "{13B995E1-F090-423E-BDE4-CA209B2ABFDE}"
EndProject
Global
	GlobalSection(SolutionConfigurationPlatforms) = preSolution
		Debug|Any CPU = Debug|Any CPU
		Release|Any CPU = Release|Any CPU
	EndGlobalSection
	GlobalSection(ProjectConfigurationPlatforms) = postSolution
		{E3698819-49D1-4A32-9B9C-2F65E7185F70}.Debug|Any CPU.ActiveCfg = Debug|Any CPU
		{E3698819-49D1-4A32-9B9C-2F65E7185F70}.Debug|Any CPU.Build.0 = Debug|Any CPU
		{E3698819-49D1-4A32-9B9C-2F65E7185F70}.Release|Any CPU.ActiveCfg = Release|Any CPU
		{E3698819-49D1-4A32-9B9C-2F65E7185F70}.Release|Any CPU.Build.0 = Release|Any CPU
		{7AE61E06-A389-4CEB-8D2A-12823A34FF8A}.Debug|Any CPU.ActiveCfg = Debug|Any CPU
		{7AE61E06-A389-4CEB-8D2A-12823A34FF8A}.Debug|Any CPU.Build.0 = Debug|Any CPU
		{7AE61E06-A389-4CEB-8D2A-12823A34FF8A}.Release|Any CPU.ActiveCfg = Release|Any CPU
		{7AE61E06-A389-4CEB-8D2A-12823A34FF8A}.Release|Any CPU.Build.0 = Release|Any CPU
		{05A19037-4A7A-4001-9A97-9F5704AE2518}.Debug|Any CPU.ActiveCfg = Debug|Any CPU
		{05A19037-4A7A-4001-9A97-9F5704AE2518}.Debug|Any CPU.Build.0 = Debug|Any CPU
		{05A19037-4A7A-4001-9A97-9F5704AE2518}.Release|Any CPU.ActiveCfg = Release|Any CPU
		{05A19037-4A7A-4001-9A97-9F5704AE2518}.Release|Any CPU.Build.0 = Release|Any CPU
		{A3A35178-E3B0-423F-A6E5-D898505F32DF}.Debug|Any CPU.ActiveCfg = Debug|Any CPU
		{A3A35178-E3B0-423F-A6E5-D898505F32DF}.Debug|Any CPU.Build.0 = Debug|Any CPU
		{A3A35178-E3B0-423F-A6E5-D898505F32DF}.Release|Any CPU.ActiveCfg = Release|Any CPU
		{A3A35178-E3B0-423F-A6E5-D898505F32DF}.Release|Any CPU.Build.0 = Release|Any CPU
		{A6B56B0D-17FF-490D-A32F-8D02455FC4AA}.Debug|Any CPU.ActiveCfg = Debug|Any CPU
		{A6B56B0D-17FF-490D-A32F-8D02455FC4AA}.Debug|Any CPU.Build.0 = Debug|Any CPU
		{A6B56B0D-17FF-490D-A32F-8D02455FC4AA}.Release|Any CPU.ActiveCfg = Release|Any CPU
		{A6B56B0D-17FF-490D-A32F-8D02455FC4AA}.Release|Any CPU.Build.0 = Release|Any CPU
		{99EDAB4C-1F6D-49F3-8480-4E6F9734B365}.Debug|Any CPU.ActiveCfg = Debug|Any CPU
		{99EDAB4C-1F6D-49F3-8480-4E6F9734B365}.Debug|Any CPU.Build.0 = Debug|Any CPU
		{99EDAB4C-1F6D-49F3-8480-4E6F9734B365}.Release|Any CPU.ActiveCfg = Release|Any CPU
		{99EDAB4C-1F6D-49F3-8480-4E6F9734B365}.Release|Any CPU.Build.0 = Release|Any CPU
		{51B79C74-827A-457C-AC30-1C157ED274B3}.Debug|Any CPU.ActiveCfg = Debug|Any CPU
		{51B79C74-827A-457C-AC30-1C157ED274B3}.Debug|Any CPU.Build.0 = Debug|Any CPU
		{51B79C74-827A-457C-AC30-1C157ED274B3}.Release|Any CPU.ActiveCfg = Release|Any CPU
		{51B79C74-827A-457C-AC30-1C157ED274B3}.Release|Any CPU.Build.0 = Release|Any CPU
		{EB6126A6-2FE9-4351-B36C-51B663F04A89}.Debug|Any CPU.ActiveCfg = Debug|Any CPU
		{EB6126A6-2FE9-4351-B36C-51B663F04A89}.Debug|Any CPU.Build.0 = Debug|Any CPU
		{EB6126A6-2FE9-4351-B36C-51B663F04A89}.Release|Any CPU.ActiveCfg = Release|Any CPU
		{EB6126A6-2FE9-4351-B36C-51B663F04A89}.Release|Any CPU.Build.0 = Release|Any CPU
		{6C781D46-BBDB-456C-80C7-3D7147654DA2}.Debug|Any CPU.ActiveCfg = Debug|Any CPU
		{6C781D46-BBDB-456C-80C7-3D7147654DA2}.Debug|Any CPU.Build.0 = Debug|Any CPU
		{6C781D46-BBDB-456C-80C7-3D7147654DA2}.Release|Any CPU.ActiveCfg = Release|Any CPU
		{6C781D46-BBDB-456C-80C7-3D7147654DA2}.Release|Any CPU.Build.0 = Release|Any CPU
		{C95D3FC8-DE59-428D-A071-F1AD454C5B78}.Debug|Any CPU.ActiveCfg = Debug|Any CPU
		{C95D3FC8-DE59-428D-A071-F1AD454C5B78}.Debug|Any CPU.Build.0 = Debug|Any CPU
		{C95D3FC8-DE59-428D-A071-F1AD454C5B78}.Release|Any CPU.ActiveCfg = Release|Any CPU
		{C95D3FC8-DE59-428D-A071-F1AD454C5B78}.Release|Any CPU.Build.0 = Release|Any CPU
		{CEAF0815-65F6-4F1C-9FDF-74A7695D7E31}.Debug|Any CPU.ActiveCfg = Debug|Any CPU
		{CEAF0815-65F6-4F1C-9FDF-74A7695D7E31}.Debug|Any CPU.Build.0 = Debug|Any CPU
		{CEAF0815-65F6-4F1C-9FDF-74A7695D7E31}.Release|Any CPU.ActiveCfg = Release|Any CPU
		{CEAF0815-65F6-4F1C-9FDF-74A7695D7E31}.Release|Any CPU.Build.0 = Release|Any CPU
		{E557BD53-7A81-4207-AF34-D303E98A4EB8}.Debug|Any CPU.ActiveCfg = Debug|Any CPU
		{E557BD53-7A81-4207-AF34-D303E98A4EB8}.Debug|Any CPU.Build.0 = Debug|Any CPU
		{E557BD53-7A81-4207-AF34-D303E98A4EB8}.Release|Any CPU.ActiveCfg = Release|Any CPU
		{E557BD53-7A81-4207-AF34-D303E98A4EB8}.Release|Any CPU.Build.0 = Release|Any CPU
		{FD1DEDA7-17DF-4118-90A2-FE0C30FF7EEF}.Debug|Any CPU.ActiveCfg = Debug|Any CPU
		{FD1DEDA7-17DF-4118-90A2-FE0C30FF7EEF}.Debug|Any CPU.Build.0 = Debug|Any CPU
		{FD1DEDA7-17DF-4118-90A2-FE0C30FF7EEF}.Release|Any CPU.ActiveCfg = Release|Any CPU
		{FD1DEDA7-17DF-4118-90A2-FE0C30FF7EEF}.Release|Any CPU.Build.0 = Release|Any CPU
		{695CB74B-0611-44D0-ACCF-ED722041DEDA}.Debug|Any CPU.ActiveCfg = Debug|Any CPU
		{695CB74B-0611-44D0-ACCF-ED722041DEDA}.Debug|Any CPU.Build.0 = Debug|Any CPU
		{695CB74B-0611-44D0-ACCF-ED722041DEDA}.Release|Any CPU.ActiveCfg = Release|Any CPU
		{695CB74B-0611-44D0-ACCF-ED722041DEDA}.Release|Any CPU.Build.0 = Release|Any CPU
		{13B995E1-F090-423E-BDE4-CA209B2ABFDE}.Debug|Any CPU.ActiveCfg = Debug|Any CPU
		{13B995E1-F090-423E-BDE4-CA209B2ABFDE}.Debug|Any CPU.Build.0 = Debug|Any CPU
		{13B995E1-F090-423E-BDE4-CA209B2ABFDE}.Release|Any CPU.ActiveCfg = Release|Any CPU
		{13B995E1-F090-423E-BDE4-CA209B2ABFDE}.Release|Any CPU.Build.0 = Release|Any CPU
	EndGlobalSection
	GlobalSection(SolutionProperties) = preSolution
		HideSolutionNode = FALSE
	EndGlobalSection
	GlobalSection(NestedProjects) = preSolution
		{E3698819-49D1-4A32-9B9C-2F65E7185F70} = {1FDECBDC-7E2E-418E-922E-E34FD2AE2D77}
		{7AE61E06-A389-4CEB-8D2A-12823A34FF8A} = {1FDECBDC-7E2E-418E-922E-E34FD2AE2D77}
		{05A19037-4A7A-4001-9A97-9F5704AE2518} = {1FDECBDC-7E2E-418E-922E-E34FD2AE2D77}
		{A3A35178-E3B0-423F-A6E5-D898505F32DF} = {D9D9F34C-15A1-4DDE-BA81-44531A739974}
		{A6B56B0D-17FF-490D-A32F-8D02455FC4AA} = {D9D9F34C-15A1-4DDE-BA81-44531A739974}
		{99EDAB4C-1F6D-49F3-8480-4E6F9734B365} = {D9D9F34C-15A1-4DDE-BA81-44531A739974}
		{51B79C74-827A-457C-AC30-1C157ED274B3} = {836CFDA6-A092-46ED-96D6-F149F371A577}
		{EB6126A6-2FE9-4351-B36C-51B663F04A89} = {836CFDA6-A092-46ED-96D6-F149F371A577}
		{6C781D46-BBDB-456C-80C7-3D7147654DA2} = {836CFDA6-A092-46ED-96D6-F149F371A577}
		{C95D3FC8-DE59-428D-A071-F1AD454C5B78} = {327CA60E-3121-4496-B2D5-27BC0449DF45}
		{CEAF0815-65F6-4F1C-9FDF-74A7695D7E31} = {327CA60E-3121-4496-B2D5-27BC0449DF45}
		{E557BD53-7A81-4207-AF34-D303E98A4EB8} = {327CA60E-3121-4496-B2D5-27BC0449DF45}
		{FD1DEDA7-17DF-4118-90A2-FE0C30FF7EEF} = {370DB827-8FE2-4889-8E69-6208E2977701}
		{695CB74B-0611-44D0-ACCF-ED722041DEDA} = {370DB827-8FE2-4889-8E69-6208E2977701}
		{13B995E1-F090-423E-BDE4-CA209B2ABFDE} = {370DB827-8FE2-4889-8E69-6208E2977701}
	EndGlobalSection
	GlobalSection(ExtensibilityGlobals) = postSolution
		SolutionGuid = {35B1D7DC-916F-48B0-94C6-460C476B0EE4}
	EndGlobalSection
EndGlobal
